
Microsoft Visual Studio Solution File, Format Version 12.00
# Visual Studio Version 16
VisualStudioVersion = 16.0.31702.278
MinimumVisualStudioVersion = 10.0.40219.1
Project("{FAE04EC0-301F-11D3-BF4B-00C04F79EFBC}") = "ConsoleApp15.099", "ConsoleApp15.099\ConsoleApp15.099.csproj", "{20F8BCDC-72E3-459C-B00D-FA47CF987B4C}"
EndProject
Global
	GlobalSection(SolutionConfigurationPlatforms) = preSolution
		Debug|Any CPU = Debug|Any CPU
		Release|Any CPU = Release|Any CPU
	EndGlobalSection
	GlobalSection(ProjectConfigurationPlatforms) = postSolution
		{20F8BCDC-72E3-459C-B00D-FA47CF987B4C}.Debug|Any CPU.ActiveCfg = Debug|Any CPU
		{20F8BCDC-72E3-459C-B00D-FA47CF987B4C}.Debug|Any CPU.Build.0 = Debug|Any CPU
		{20F8BCDC-72E3-459C-B00D-FA47CF987B4C}.Release|Any CPU.ActiveCfg = Release|Any CPU
		{20F8BCDC-72E3-459C-B00D-FA47CF987B4C}.Release|Any CPU.Build.0 = Release|Any CPU
	EndGlobalSection
	GlobalSection(SolutionProperties) = preSolution
		HideSolutionNode = FALSE
	EndGlobalSection
	GlobalSection(ExtensibilityGlobals) = postSolution
		SolutionGuid = {5B71E2CA-4433-4FBC-A5D8-52AF208A525A}
	EndGlobalSection
EndGlobal
