
Microsoft Visual Studio Solution File, Format Version 12.00
# Visual Studio Version 16
VisualStudioVersion = 16.0.31702.278
MinimumVisualStudioVersion = 10.0.40219.1
Project("{FAE04EC0-301F-11D3-BF4B-00C04F79EFBC}") = "Task15.09.", "..\Task15.09\Task15.09\Task15.09..csproj", "{9E93E124-3C84-4395-AB63-642077506B0C}"
EndProject
Global
	GlobalSection(SolutionConfigurationPlatforms) = preSolution
		Debug|Any CPU = Debug|Any CPU
		Release|Any CPU = Release|Any CPU
	EndGlobalSection
	GlobalSection(ProjectConfigurationPlatforms) = postSolution
		{9E93E124-3C84-4395-AB63-642077506B0C}.Debug|Any CPU.ActiveCfg = Debug|Any CPU
		{9E93E124-3C84-4395-AB63-642077506B0C}.Debug|Any CPU.Build.0 = Debug|Any CPU
		{9E93E124-3C84-4395-AB63-642077506B0C}.Release|Any CPU.ActiveCfg = Release|Any CPU
		{9E93E124-3C84-4395-AB63-642077506B0C}.Release|Any CPU.Build.0 = Release|Any CPU
	EndGlobalSection
	GlobalSection(SolutionProperties) = preSolution
		HideSolutionNode = FALSE
	EndGlobalSection
	GlobalSection(ExtensibilityGlobals) = postSolution
		SolutionGuid = {A97DB418-E85E-49A5-8DC3-2BE6E7A97E71}
	EndGlobalSection
EndGlobal
