
Microsoft Visual Studio Solution File, Format Version 12.00
# Visual Studio Version 16
VisualStudioVersion = 16.0.31624.102
MinimumVisualStudioVersion = 10.0.40219.1
Project("{FAE04EC0-301F-11D3-BF4B-00C04F79EFBC}") = "Today_07.09", "Today_07.09\Today_07.09.csproj", "{ED469458-BEF4-4F55-87B7-4A46DB53C12F}"
EndProject
Global
	GlobalSection(SolutionConfigurationPlatforms) = preSolution
		Debug|Any CPU = Debug|Any CPU
		Release|Any CPU = Release|Any CPU
	EndGlobalSection
	GlobalSection(ProjectConfigurationPlatforms) = postSolution
		{ED469458-BEF4-4F55-87B7-4A46DB53C12F}.Debug|Any CPU.ActiveCfg = Debug|Any CPU
		{ED469458-BEF4-4F55-87B7-4A46DB53C12F}.Debug|Any CPU.Build.0 = Debug|Any CPU
		{ED469458-BEF4-4F55-87B7-4A46DB53C12F}.Release|Any CPU.ActiveCfg = Release|Any CPU
		{ED469458-BEF4-4F55-87B7-4A46DB53C12F}.Release|Any CPU.Build.0 = Release|Any CPU
	EndGlobalSection
	GlobalSection(SolutionProperties) = preSolution
		HideSolutionNode = FALSE
	EndGlobalSection
	GlobalSection(ExtensibilityGlobals) = postSolution
		SolutionGuid = {C5A498C2-970B-4C9C-896A-E74381741842}
	EndGlobalSection
EndGlobal
