
Microsoft Visual Studio Solution File, Format Version 12.00
# Visual Studio Version 16
VisualStudioVersion = 16.0.31702.278
MinimumVisualStudioVersion = 10.0.40219.1
Project("{FAE04EC0-301F-11D3-BF4B-00C04F79EFBC}") = "Homework_20_09", "Homework_20_09\Homework_20_09.csproj", "{CA615B86-2F0D-4B01-9F10-90AB893099F4}"
EndProject
Global
	GlobalSection(SolutionConfigurationPlatforms) = preSolution
		Debug|Any CPU = Debug|Any CPU
		Release|Any CPU = Release|Any CPU
	EndGlobalSection
	GlobalSection(ProjectConfigurationPlatforms) = postSolution
		{CA615B86-2F0D-4B01-9F10-90AB893099F4}.Debug|Any CPU.ActiveCfg = Debug|Any CPU
		{CA615B86-2F0D-4B01-9F10-90AB893099F4}.Debug|Any CPU.Build.0 = Debug|Any CPU
		{CA615B86-2F0D-4B01-9F10-90AB893099F4}.Release|Any CPU.ActiveCfg = Release|Any CPU
		{CA615B86-2F0D-4B01-9F10-90AB893099F4}.Release|Any CPU.Build.0 = Release|Any CPU
	EndGlobalSection
	GlobalSection(SolutionProperties) = preSolution
		HideSolutionNode = FALSE
	EndGlobalSection
	GlobalSection(ExtensibilityGlobals) = postSolution
		SolutionGuid = {2B2FD26B-59CE-4114-B57D-FC485CD8DDEA}
	EndGlobalSection
EndGlobal
